
Microsoft Visual Studio Solution File, Format Version 12.00
# Visual Studio Version 17
VisualStudioVersion = 17.1.32210.238
MinimumVisualStudioVersion = 10.0.40219.1
Project("{9A19103F-16F7-4668-BE54-9A1E7A4F7556}") = "Customers.WebApi", "Customers.WebApi\Customers.WebApi.csproj", "{BDDF88A6-DCD3-4876-85FD-FC9368BDFC54}"
EndProject
Project("{FAE04EC0-301F-11D3-BF4B-00C04F79EFBC}") = "Customers.WebApi.Tests", "Customers.WebApi.Tests\Customers.WebApi.Tests.csproj", "{58333B4B-02C1-4BA6-BFAE-20327209BD3F}"
EndProject
Global
	GlobalSection(SolutionConfigurationPlatforms) = preSolution
		Debug|Any CPU = Debug|Any CPU
		Release|Any CPU = Release|Any CPU
	EndGlobalSection
	GlobalSection(ProjectConfigurationPlatforms) = postSolution
		{BDDF88A6-DCD3-4876-85FD-FC9368BDFC54}.Debug|Any CPU.ActiveCfg = Debug|Any CPU
		{BDDF88A6-DCD3-4876-85FD-FC9368BDFC54}.Debug|Any CPU.Build.0 = Debug|Any CPU
		{BDDF88A6-DCD3-4876-85FD-FC9368BDFC54}.Release|Any CPU.ActiveCfg = Release|Any CPU
		{BDDF88A6-DCD3-4876-85FD-FC9368BDFC54}.Release|Any CPU.Build.0 = Release|Any CPU
		{58333B4B-02C1-4BA6-BFAE-20327209BD3F}.Debug|Any CPU.ActiveCfg = Debug|Any CPU
		{58333B4B-02C1-4BA6-BFAE-20327209BD3F}.Debug|Any CPU.Build.0 = Debug|Any CPU
		{58333B4B-02C1-4BA6-BFAE-20327209BD3F}.Release|Any CPU.ActiveCfg = Release|Any CPU
		{58333B4B-02C1-4BA6-BFAE-20327209BD3F}.Release|Any CPU.Build.0 = Release|Any CPU
	EndGlobalSection
	GlobalSection(SolutionProperties) = preSolution
		HideSolutionNode = FALSE
	EndGlobalSection
	GlobalSection(ExtensibilityGlobals) = postSolution
		SolutionGuid = {4CDC2F70-D9C0-4B36-9D83-93E08371C5C2}
	EndGlobalSection
EndGlobal
